
Microsoft Visual Studio Solution File, Format Version 12.00
# Visual Studio Version 17
VisualStudioVersion = 17.3.32825.248
MinimumVisualStudioVersion = 10.0.40219.1
Project("{FAE04EC0-301F-11D3-BF4B-00C04F79EFBC}") = "ex_program_eva", "ex_program_eva\ex_program_eva.csproj", "{8D723F4D-603E-46F2-8CA2-212A78494A31}"
EndProject
Global
	GlobalSection(SolutionConfigurationPlatforms) = preSolution
		Debug|Any CPU = Debug|Any CPU
		Release|Any CPU = Release|Any CPU
	EndGlobalSection
	GlobalSection(ProjectConfigurationPlatforms) = postSolution
		{8D723F4D-603E-46F2-8CA2-212A78494A31}.Debug|Any CPU.ActiveCfg = Debug|Any CPU
		{8D723F4D-603E-46F2-8CA2-212A78494A31}.Debug|Any CPU.Build.0 = Debug|Any CPU
		{8D723F4D-603E-46F2-8CA2-212A78494A31}.Release|Any CPU.ActiveCfg = Release|Any CPU
		{8D723F4D-603E-46F2-8CA2-212A78494A31}.Release|Any CPU.Build.0 = Release|Any CPU
	EndGlobalSection
	GlobalSection(SolutionProperties) = preSolution
		HideSolutionNode = FALSE
	EndGlobalSection
	GlobalSection(ExtensibilityGlobals) = postSolution
		SolutionGuid = {67D6BA17-CB8A-439E-8779-9CBFA3157661}
	EndGlobalSection
EndGlobal
