
Microsoft Visual Studio Solution File, Format Version 12.00
# Visual Studio Version 17
VisualStudioVersion = 17.3.32825.248
MinimumVisualStudioVersion = 10.0.40219.1
Project("{FAE04EC0-301F-11D3-BF4B-00C04F79EFBC}") = "BasuraHerencias", "BasuraHerencias\BasuraHerencias.csproj", "{FC89A62B-2429-496E-8152-E0C63BA210CD}"
EndProject
Global
	GlobalSection(SolutionConfigurationPlatforms) = preSolution
		Debug|Any CPU = Debug|Any CPU
		Release|Any CPU = Release|Any CPU
	EndGlobalSection
	GlobalSection(ProjectConfigurationPlatforms) = postSolution
		{FC89A62B-2429-496E-8152-E0C63BA210CD}.Debug|Any CPU.ActiveCfg = Debug|Any CPU
		{FC89A62B-2429-496E-8152-E0C63BA210CD}.Debug|Any CPU.Build.0 = Debug|Any CPU
		{FC89A62B-2429-496E-8152-E0C63BA210CD}.Release|Any CPU.ActiveCfg = Release|Any CPU
		{FC89A62B-2429-496E-8152-E0C63BA210CD}.Release|Any CPU.Build.0 = Release|Any CPU
	EndGlobalSection
	GlobalSection(SolutionProperties) = preSolution
		HideSolutionNode = FALSE
	EndGlobalSection
	GlobalSection(ExtensibilityGlobals) = postSolution
		SolutionGuid = {8F7B4F10-D450-47FB-95A1-5E1BCDE9F5DA}
	EndGlobalSection
EndGlobal
