
Microsoft Visual Studio Solution File, Format Version 12.00
# Visual Studio Version 17
VisualStudioVersion = 17.7.34024.191
MinimumVisualStudioVersion = 10.0.40219.1
Project("{FAE04EC0-301F-11D3-BF4B-00C04F79EFBC}") = "WpfApp1", "WpfApp1\WpfApp1.csproj", "{62EB757F-D9CB-430F-B37D-CA1D929E76C7}"
	ProjectSection(ProjectDependencies) = postProject
		{3BC137C6-9EFE-49A2-A5AA-BA318A201F95} = {3BC137C6-9EFE-49A2-A5AA-BA318A201F95}
	EndProjectSection
EndProject
Project("{FAE04EC0-301F-11D3-BF4B-00C04F79EFBC}") = "ClassLibrary1", "ClassLibrary1\ClassLibrary1.csproj", "{3BC137C6-9EFE-49A2-A5AA-BA318A201F95}"
EndProject
Global
	GlobalSection(SolutionConfigurationPlatforms) = preSolution
		Debug|Any CPU = Debug|Any CPU
		Release|Any CPU = Release|Any CPU
	EndGlobalSection
	GlobalSection(ProjectConfigurationPlatforms) = postSolution
		{62EB757F-D9CB-430F-B37D-CA1D929E76C7}.Debug|Any CPU.ActiveCfg = Debug|Any CPU
		{62EB757F-D9CB-430F-B37D-CA1D929E76C7}.Debug|Any CPU.Build.0 = Debug|Any CPU
		{62EB757F-D9CB-430F-B37D-CA1D929E76C7}.Release|Any CPU.ActiveCfg = Release|Any CPU
		{62EB757F-D9CB-430F-B37D-CA1D929E76C7}.Release|Any CPU.Build.0 = Release|Any CPU
		{3BC137C6-9EFE-49A2-A5AA-BA318A201F95}.Debug|Any CPU.ActiveCfg = Debug|Any CPU
		{3BC137C6-9EFE-49A2-A5AA-BA318A201F95}.Debug|Any CPU.Build.0 = Debug|Any CPU
		{3BC137C6-9EFE-49A2-A5AA-BA318A201F95}.Release|Any CPU.ActiveCfg = Release|Any CPU
		{3BC137C6-9EFE-49A2-A5AA-BA318A201F95}.Release|Any CPU.Build.0 = Release|Any CPU
	EndGlobalSection
	GlobalSection(SolutionProperties) = preSolution
		HideSolutionNode = FALSE
	EndGlobalSection
	GlobalSection(ExtensibilityGlobals) = postSolution
		SolutionGuid = {91FD7009-8FAD-4596-AF40-1BFD2062ABDD}
	EndGlobalSection
EndGlobal
