
Microsoft Visual Studio Solution File, Format Version 12.00
# Visual Studio Version 17
VisualStudioVersion = 17.8.34330.188
MinimumVisualStudioVersion = 10.0.40219.1
Project("{FAE04EC0-301F-11D3-BF4B-00C04F79EFBC}") = "nuncopy_definitivo", "nuncopy_definitivo\nuncopy_definitivo.csproj", "{D77B5F10-6E6A-4EE5-9A0F-EEF5978F2157}"
EndProject
Global
	GlobalSection(SolutionConfigurationPlatforms) = preSolution
		Debug|Any CPU = Debug|Any CPU
		Release|Any CPU = Release|Any CPU
	EndGlobalSection
	GlobalSection(ProjectConfigurationPlatforms) = postSolution
		{D77B5F10-6E6A-4EE5-9A0F-EEF5978F2157}.Debug|Any CPU.ActiveCfg = Debug|Any CPU
		{D77B5F10-6E6A-4EE5-9A0F-EEF5978F2157}.Debug|Any CPU.Build.0 = Debug|Any CPU
		{D77B5F10-6E6A-4EE5-9A0F-EEF5978F2157}.Release|Any CPU.ActiveCfg = Release|Any CPU
		{D77B5F10-6E6A-4EE5-9A0F-EEF5978F2157}.Release|Any CPU.Build.0 = Release|Any CPU
	EndGlobalSection
	GlobalSection(SolutionProperties) = preSolution
		HideSolutionNode = FALSE
	EndGlobalSection
	GlobalSection(ExtensibilityGlobals) = postSolution
		SolutionGuid = {0DCE22E7-B461-4DBB-BB40-619ED3547ECD}
	EndGlobalSection
EndGlobal
