
Microsoft Visual Studio Solution File, Format Version 12.00
# Visual Studio Version 17
VisualStudioVersion = 17.4.33122.133
MinimumVisualStudioVersion = 10.0.40219.1
Project("{FAE04EC0-301F-11D3-BF4B-00C04F79EFBC}") = "chess", "chess\chess.csproj", "{28EEC7F1-A454-42D1-A0A0-B8C2FDA9D02B}"
EndProject
Project("{FAE04EC0-301F-11D3-BF4B-00C04F79EFBC}") = "ChessLib", "ChessLib\ChessLib.csproj", "{DCBFA349-8A1E-4141-A0D5-A62ADC303EE2}"
EndProject
Project("{FAE04EC0-301F-11D3-BF4B-00C04F79EFBC}") = "ChessTest", "ChessTest\ChessTest.csproj", "{435AFE2B-2F82-4F46-9119-D51D6E09E97D}"
EndProject
Global
	GlobalSection(SolutionConfigurationPlatforms) = preSolution
		Debug|Any CPU = Debug|Any CPU
		Release|Any CPU = Release|Any CPU
	EndGlobalSection
	GlobalSection(ProjectConfigurationPlatforms) = postSolution
		{28EEC7F1-A454-42D1-A0A0-B8C2FDA9D02B}.Debug|Any CPU.ActiveCfg = Debug|Any CPU
		{28EEC7F1-A454-42D1-A0A0-B8C2FDA9D02B}.Debug|Any CPU.Build.0 = Debug|Any CPU
		{28EEC7F1-A454-42D1-A0A0-B8C2FDA9D02B}.Release|Any CPU.ActiveCfg = Release|Any CPU
		{28EEC7F1-A454-42D1-A0A0-B8C2FDA9D02B}.Release|Any CPU.Build.0 = Release|Any CPU
		{DCBFA349-8A1E-4141-A0D5-A62ADC303EE2}.Debug|Any CPU.ActiveCfg = Debug|Any CPU
		{DCBFA349-8A1E-4141-A0D5-A62ADC303EE2}.Debug|Any CPU.Build.0 = Debug|Any CPU
		{DCBFA349-8A1E-4141-A0D5-A62ADC303EE2}.Release|Any CPU.ActiveCfg = Release|Any CPU
		{DCBFA349-8A1E-4141-A0D5-A62ADC303EE2}.Release|Any CPU.Build.0 = Release|Any CPU
		{435AFE2B-2F82-4F46-9119-D51D6E09E97D}.Debug|Any CPU.ActiveCfg = Debug|Any CPU
		{435AFE2B-2F82-4F46-9119-D51D6E09E97D}.Debug|Any CPU.Build.0 = Debug|Any CPU
		{435AFE2B-2F82-4F46-9119-D51D6E09E97D}.Release|Any CPU.ActiveCfg = Release|Any CPU
		{435AFE2B-2F82-4F46-9119-D51D6E09E97D}.Release|Any CPU.Build.0 = Release|Any CPU
	EndGlobalSection
	GlobalSection(SolutionProperties) = preSolution
		HideSolutionNode = FALSE
	EndGlobalSection
	GlobalSection(ExtensibilityGlobals) = postSolution
		SolutionGuid = {A88944A9-FD0D-4BF9-866E-C1D11345BFA6}
	EndGlobalSection
EndGlobal
