
Microsoft Visual Studio Solution File, Format Version 12.00
# Visual Studio Version 17
VisualStudioVersion = 17.3.32825.248
MinimumVisualStudioVersion = 10.0.40219.1
Project("{FAE04EC0-301F-11D3-BF4B-00C04F79EFBC}") = "CoinChange", "CoinChange\CoinChange.csproj", "{1D9133A3-7F98-4CED-9F1B-BE3756A117C5}"
EndProject
Global
	GlobalSection(SolutionConfigurationPlatforms) = preSolution
		Debug|Any CPU = Debug|Any CPU
		Release|Any CPU = Release|Any CPU
	EndGlobalSection
	GlobalSection(ProjectConfigurationPlatforms) = postSolution
		{1D9133A3-7F98-4CED-9F1B-BE3756A117C5}.Debug|Any CPU.ActiveCfg = Debug|Any CPU
		{1D9133A3-7F98-4CED-9F1B-BE3756A117C5}.Debug|Any CPU.Build.0 = Debug|Any CPU
		{1D9133A3-7F98-4CED-9F1B-BE3756A117C5}.Release|Any CPU.ActiveCfg = Release|Any CPU
		{1D9133A3-7F98-4CED-9F1B-BE3756A117C5}.Release|Any CPU.Build.0 = Release|Any CPU
	EndGlobalSection
	GlobalSection(SolutionProperties) = preSolution
		HideSolutionNode = FALSE
	EndGlobalSection
	GlobalSection(ExtensibilityGlobals) = postSolution
		SolutionGuid = {6AA5F3DE-915E-414D-A413-54D75522C0A9}
	EndGlobalSection
EndGlobal
