
Microsoft Visual Studio Solution File, Format Version 12.00
# Visual Studio Version 17
VisualStudioVersion = 17.3.32922.545
MinimumVisualStudioVersion = 10.0.40219.1
Project("{FAE04EC0-301F-11D3-BF4B-00C04F79EFBC}") = "Ejerciciosrepaso", "Ejerciciosrepaso.csproj", "{20256821-3BDA-43A7-9D70-CDC1C5F47B94}"
EndProject
Global
	GlobalSection(SolutionConfigurationPlatforms) = preSolution
		Debug|Any CPU = Debug|Any CPU
		Release|Any CPU = Release|Any CPU
	EndGlobalSection
	GlobalSection(ProjectConfigurationPlatforms) = postSolution
		{20256821-3BDA-43A7-9D70-CDC1C5F47B94}.Debug|Any CPU.ActiveCfg = Debug|Any CPU
		{20256821-3BDA-43A7-9D70-CDC1C5F47B94}.Debug|Any CPU.Build.0 = Debug|Any CPU
		{20256821-3BDA-43A7-9D70-CDC1C5F47B94}.Release|Any CPU.ActiveCfg = Release|Any CPU
		{20256821-3BDA-43A7-9D70-CDC1C5F47B94}.Release|Any CPU.Build.0 = Release|Any CPU
	EndGlobalSection
	GlobalSection(SolutionProperties) = preSolution
		HideSolutionNode = FALSE
	EndGlobalSection
	GlobalSection(ExtensibilityGlobals) = postSolution
		SolutionGuid = {07B24F4E-B5F6-448A-86F8-66F44095A2A5}
	EndGlobalSection
EndGlobal
