
Microsoft Visual Studio Solution File, Format Version 12.00
# Visual Studio Version 17
VisualStudioVersion = 17.3.32825.248
MinimumVisualStudioVersion = 10.0.40219.1
Project("{FAE04EC0-301F-11D3-BF4B-00C04F79EFBC}") = "Baraja", "Baraja\Baraja.csproj", "{232F3B37-9C05-4C6A-9E97-E3473FDAB19E}"
EndProject
Global
	GlobalSection(SolutionConfigurationPlatforms) = preSolution
		Debug|Any CPU = Debug|Any CPU
		Release|Any CPU = Release|Any CPU
	EndGlobalSection
	GlobalSection(ProjectConfigurationPlatforms) = postSolution
		{232F3B37-9C05-4C6A-9E97-E3473FDAB19E}.Debug|Any CPU.ActiveCfg = Debug|Any CPU
		{232F3B37-9C05-4C6A-9E97-E3473FDAB19E}.Debug|Any CPU.Build.0 = Debug|Any CPU
		{232F3B37-9C05-4C6A-9E97-E3473FDAB19E}.Release|Any CPU.ActiveCfg = Release|Any CPU
		{232F3B37-9C05-4C6A-9E97-E3473FDAB19E}.Release|Any CPU.Build.0 = Release|Any CPU
	EndGlobalSection
	GlobalSection(SolutionProperties) = preSolution
		HideSolutionNode = FALSE
	EndGlobalSection
	GlobalSection(ExtensibilityGlobals) = postSolution
		SolutionGuid = {642EB6E1-BE5C-457C-A5CD-47C069022C0E}
	EndGlobalSection
EndGlobal
