
Microsoft Visual Studio Solution File, Format Version 12.00
# Visual Studio Version 17
VisualStudioVersion = 17.7.34024.191
MinimumVisualStudioVersion = 10.0.40219.1
Project("{FAE04EC0-301F-11D3-BF4B-00C04F79EFBC}") = "TestDB", "TestDB\TestDB.csproj", "{31D72391-C001-4639-BDD1-C9D154254DAD}"
EndProject
Global
	GlobalSection(SolutionConfigurationPlatforms) = preSolution
		Debug|Any CPU = Debug|Any CPU
		Release|Any CPU = Release|Any CPU
	EndGlobalSection
	GlobalSection(ProjectConfigurationPlatforms) = postSolution
		{31D72391-C001-4639-BDD1-C9D154254DAD}.Debug|Any CPU.ActiveCfg = Debug|Any CPU
		{31D72391-C001-4639-BDD1-C9D154254DAD}.Debug|Any CPU.Build.0 = Debug|Any CPU
		{31D72391-C001-4639-BDD1-C9D154254DAD}.Release|Any CPU.ActiveCfg = Release|Any CPU
		{31D72391-C001-4639-BDD1-C9D154254DAD}.Release|Any CPU.Build.0 = Release|Any CPU
	EndGlobalSection
	GlobalSection(SolutionProperties) = preSolution
		HideSolutionNode = FALSE
	EndGlobalSection
	GlobalSection(ExtensibilityGlobals) = postSolution
		SolutionGuid = {89C25F14-0E02-47F9-BBB8-67F9A7F48E73}
	EndGlobalSection
EndGlobal
