
Microsoft Visual Studio Solution File, Format Version 12.00
# Visual Studio Version 17
VisualStudioVersion = 17.4.33122.133
MinimumVisualStudioVersion = 10.0.40219.1
Project("{FAE04EC0-301F-11D3-BF4B-00C04F79EFBC}") = "CarreraExamen", "CarreraExamen\CarreraExamen.csproj", "{CF8CE656-5E1A-4223-B342-1D7166AAFA8E}"
EndProject
Global
	GlobalSection(SolutionConfigurationPlatforms) = preSolution
		Debug|Any CPU = Debug|Any CPU
		Release|Any CPU = Release|Any CPU
	EndGlobalSection
	GlobalSection(ProjectConfigurationPlatforms) = postSolution
		{CF8CE656-5E1A-4223-B342-1D7166AAFA8E}.Debug|Any CPU.ActiveCfg = Debug|Any CPU
		{CF8CE656-5E1A-4223-B342-1D7166AAFA8E}.Debug|Any CPU.Build.0 = Debug|Any CPU
		{CF8CE656-5E1A-4223-B342-1D7166AAFA8E}.Release|Any CPU.ActiveCfg = Release|Any CPU
		{CF8CE656-5E1A-4223-B342-1D7166AAFA8E}.Release|Any CPU.Build.0 = Release|Any CPU
	EndGlobalSection
	GlobalSection(SolutionProperties) = preSolution
		HideSolutionNode = FALSE
	EndGlobalSection
	GlobalSection(ExtensibilityGlobals) = postSolution
		SolutionGuid = {CDE39B59-9717-4EEE-9BA8-1D137B8DE6D3}
	EndGlobalSection
EndGlobal
