
Microsoft Visual Studio Solution File, Format Version 12.00
# Visual Studio Version 17
VisualStudioVersion = 17.4.33122.133
MinimumVisualStudioVersion = 10.0.40219.1
Project("{FAE04EC0-301F-11D3-BF4B-00C04F79EFBC}") = "BuscaminasBiblio", "BuscaminasBiblio\BuscaminasBiblio.csproj", "{0E2FCA3E-78C1-47F9-94CA-91E981A99638}"
EndProject
Project("{FAE04EC0-301F-11D3-BF4B-00C04F79EFBC}") = "BuscaminasApp", "BuscaminasApp\BuscaminasApp.csproj", "{AA88DE31-3039-4E77-8203-BCC9921D6691}"
EndProject
Project("{FAE04EC0-301F-11D3-BF4B-00C04F79EFBC}") = "BuscaminasTest", "BuscaminasTest\BuscaminasTest.csproj", "{8070671A-F442-4D02-B586-6870BC2FED0B}"
EndProject
Global
	GlobalSection(SolutionConfigurationPlatforms) = preSolution
		Debug|Any CPU = Debug|Any CPU
		Release|Any CPU = Release|Any CPU
	EndGlobalSection
	GlobalSection(ProjectConfigurationPlatforms) = postSolution
		{0E2FCA3E-78C1-47F9-94CA-91E981A99638}.Debug|Any CPU.ActiveCfg = Debug|Any CPU
		{0E2FCA3E-78C1-47F9-94CA-91E981A99638}.Debug|Any CPU.Build.0 = Debug|Any CPU
		{0E2FCA3E-78C1-47F9-94CA-91E981A99638}.Release|Any CPU.ActiveCfg = Release|Any CPU
		{0E2FCA3E-78C1-47F9-94CA-91E981A99638}.Release|Any CPU.Build.0 = Release|Any CPU
		{AA88DE31-3039-4E77-8203-BCC9921D6691}.Debug|Any CPU.ActiveCfg = Debug|Any CPU
		{AA88DE31-3039-4E77-8203-BCC9921D6691}.Debug|Any CPU.Build.0 = Debug|Any CPU
		{AA88DE31-3039-4E77-8203-BCC9921D6691}.Release|Any CPU.ActiveCfg = Release|Any CPU
		{AA88DE31-3039-4E77-8203-BCC9921D6691}.Release|Any CPU.Build.0 = Release|Any CPU
		{8070671A-F442-4D02-B586-6870BC2FED0B}.Debug|Any CPU.ActiveCfg = Debug|Any CPU
		{8070671A-F442-4D02-B586-6870BC2FED0B}.Debug|Any CPU.Build.0 = Debug|Any CPU
		{8070671A-F442-4D02-B586-6870BC2FED0B}.Release|Any CPU.ActiveCfg = Release|Any CPU
		{8070671A-F442-4D02-B586-6870BC2FED0B}.Release|Any CPU.Build.0 = Release|Any CPU
	EndGlobalSection
	GlobalSection(SolutionProperties) = preSolution
		HideSolutionNode = FALSE
	EndGlobalSection
	GlobalSection(ExtensibilityGlobals) = postSolution
		SolutionGuid = {4E0FF487-1292-4061-874D-6173EC6E756A}
	EndGlobalSection
EndGlobal
