
Microsoft Visual Studio Solution File, Format Version 12.00
# Visual Studio Version 17
VisualStudioVersion = 17.3.32825.248
MinimumVisualStudioVersion = 10.0.40219.1
Project("{FAE04EC0-301F-11D3-BF4B-00C04F79EFBC}") = "EmGame", "EmGame\EmGame.csproj", "{6DEBF506-A238-410A-9BD2-99971991ADE2}"
EndProject
Global
	GlobalSection(SolutionConfigurationPlatforms) = preSolution
		Debug|Any CPU = Debug|Any CPU
		Release|Any CPU = Release|Any CPU
	EndGlobalSection
	GlobalSection(ProjectConfigurationPlatforms) = postSolution
		{6DEBF506-A238-410A-9BD2-99971991ADE2}.Debug|Any CPU.ActiveCfg = Debug|Any CPU
		{6DEBF506-A238-410A-9BD2-99971991ADE2}.Debug|Any CPU.Build.0 = Debug|Any CPU
		{6DEBF506-A238-410A-9BD2-99971991ADE2}.Release|Any CPU.ActiveCfg = Release|Any CPU
		{6DEBF506-A238-410A-9BD2-99971991ADE2}.Release|Any CPU.Build.0 = Release|Any CPU
	EndGlobalSection
	GlobalSection(SolutionProperties) = preSolution
		HideSolutionNode = FALSE
	EndGlobalSection
	GlobalSection(ExtensibilityGlobals) = postSolution
		SolutionGuid = {7D48B4F7-1762-4E14-9FFB-E4CB873910DD}
	EndGlobalSection
EndGlobal
