
Microsoft Visual Studio Solution File, Format Version 12.00
# Visual Studio Version 17
VisualStudioVersion = 17.3.32825.248
MinimumVisualStudioVersion = 10.0.40219.1
Project("{FAE04EC0-301F-11D3-BF4B-00C04F79EFBC}") = "Basura73", "Basura73\Basura73.csproj", "{1EF65BD2-E885-4C23-9BA1-B07DE0C4D80C}"
EndProject
Global
	GlobalSection(SolutionConfigurationPlatforms) = preSolution
		Debug|Any CPU = Debug|Any CPU
		Release|Any CPU = Release|Any CPU
	EndGlobalSection
	GlobalSection(ProjectConfigurationPlatforms) = postSolution
		{1EF65BD2-E885-4C23-9BA1-B07DE0C4D80C}.Debug|Any CPU.ActiveCfg = Debug|Any CPU
		{1EF65BD2-E885-4C23-9BA1-B07DE0C4D80C}.Debug|Any CPU.Build.0 = Debug|Any CPU
		{1EF65BD2-E885-4C23-9BA1-B07DE0C4D80C}.Release|Any CPU.ActiveCfg = Release|Any CPU
		{1EF65BD2-E885-4C23-9BA1-B07DE0C4D80C}.Release|Any CPU.Build.0 = Release|Any CPU
	EndGlobalSection
	GlobalSection(SolutionProperties) = preSolution
		HideSolutionNode = FALSE
	EndGlobalSection
	GlobalSection(ExtensibilityGlobals) = postSolution
		SolutionGuid = {85D2D37D-7A0C-4098-8091-E837F5FDC077}
	EndGlobalSection
EndGlobal
