
Microsoft Visual Studio Solution File, Format Version 12.00
# Visual Studio Version 17
VisualStudioVersion = 17.4.33122.133
MinimumVisualStudioVersion = 10.0.40219.1
Project("{FAE04EC0-301F-11D3-BF4B-00C04F79EFBC}") = "TorneoDragonBall", "TorneoDragonBall\TorneoDragonBall.csproj", "{91C6D6C8-330C-41C9-974C-9931B50E65DA}"
EndProject
Global
	GlobalSection(SolutionConfigurationPlatforms) = preSolution
		Debug|Any CPU = Debug|Any CPU
		Release|Any CPU = Release|Any CPU
	EndGlobalSection
	GlobalSection(ProjectConfigurationPlatforms) = postSolution
		{91C6D6C8-330C-41C9-974C-9931B50E65DA}.Debug|Any CPU.ActiveCfg = Debug|Any CPU
		{91C6D6C8-330C-41C9-974C-9931B50E65DA}.Debug|Any CPU.Build.0 = Debug|Any CPU
		{91C6D6C8-330C-41C9-974C-9931B50E65DA}.Release|Any CPU.ActiveCfg = Release|Any CPU
		{91C6D6C8-330C-41C9-974C-9931B50E65DA}.Release|Any CPU.Build.0 = Release|Any CPU
	EndGlobalSection
	GlobalSection(SolutionProperties) = preSolution
		HideSolutionNode = FALSE
	EndGlobalSection
	GlobalSection(ExtensibilityGlobals) = postSolution
		SolutionGuid = {91D098A8-A2CA-4E71-B1EC-52F9D1209CA6}
	EndGlobalSection
EndGlobal
