
Microsoft Visual Studio Solution File, Format Version 12.00
# Visual Studio Version 17
VisualStudioVersion = 17.3.32825.248
MinimumVisualStudioVersion = 10.0.40219.1
Project("{FAE04EC0-301F-11D3-BF4B-00C04F79EFBC}") = "Examen1raEv2023-24", "Examen1raEv2023-24\Examen1raEv2023-24.csproj", "{03050A18-F566-47D8-87E6-9CD5CFC09D5E}"
EndProject
Global
	GlobalSection(SolutionConfigurationPlatforms) = preSolution
		Debug|Any CPU = Debug|Any CPU
		Release|Any CPU = Release|Any CPU
	EndGlobalSection
	GlobalSection(ProjectConfigurationPlatforms) = postSolution
		{03050A18-F566-47D8-87E6-9CD5CFC09D5E}.Debug|Any CPU.ActiveCfg = Debug|Any CPU
		{03050A18-F566-47D8-87E6-9CD5CFC09D5E}.Debug|Any CPU.Build.0 = Debug|Any CPU
		{03050A18-F566-47D8-87E6-9CD5CFC09D5E}.Release|Any CPU.ActiveCfg = Release|Any CPU
		{03050A18-F566-47D8-87E6-9CD5CFC09D5E}.Release|Any CPU.Build.0 = Release|Any CPU
	EndGlobalSection
	GlobalSection(SolutionProperties) = preSolution
		HideSolutionNode = FALSE
	EndGlobalSection
	GlobalSection(ExtensibilityGlobals) = postSolution
		SolutionGuid = {69E35CC4-A2A1-4547-A1BB-89150B329F25}
	EndGlobalSection
EndGlobal
