
Microsoft Visual Studio Solution File, Format Version 12.00
# Visual Studio Version 17
VisualStudioVersion = 17.3.32825.248
MinimumVisualStudioVersion = 10.0.40219.1
Project("{FAE04EC0-301F-11D3-BF4B-00C04F79EFBC}") = "BasuraDeDios", "BasuraDeDios\BasuraDeDios.csproj", "{9681ACE7-B47E-493A-A8EE-C073C389065B}"
EndProject
Global
	GlobalSection(SolutionConfigurationPlatforms) = preSolution
		Debug|Any CPU = Debug|Any CPU
		Release|Any CPU = Release|Any CPU
	EndGlobalSection
	GlobalSection(ProjectConfigurationPlatforms) = postSolution
		{9681ACE7-B47E-493A-A8EE-C073C389065B}.Debug|Any CPU.ActiveCfg = Debug|Any CPU
		{9681ACE7-B47E-493A-A8EE-C073C389065B}.Debug|Any CPU.Build.0 = Debug|Any CPU
		{9681ACE7-B47E-493A-A8EE-C073C389065B}.Release|Any CPU.ActiveCfg = Release|Any CPU
		{9681ACE7-B47E-493A-A8EE-C073C389065B}.Release|Any CPU.Build.0 = Release|Any CPU
	EndGlobalSection
	GlobalSection(SolutionProperties) = preSolution
		HideSolutionNode = FALSE
	EndGlobalSection
	GlobalSection(ExtensibilityGlobals) = postSolution
		SolutionGuid = {7865C379-6DC7-497D-8AC0-007A88457425}
	EndGlobalSection
EndGlobal
