
Microsoft Visual Studio Solution File, Format Version 12.00
# Visual Studio Version 17
VisualStudioVersion = 17.8.34330.188
MinimumVisualStudioVersion = 10.0.40219.1
Project("{FAE04EC0-301F-11D3-BF4B-00C04F79EFBC}") = "ArrayPruebasAPRENDER", "ArrayPruebasAPRENDER\ArrayPruebasAPRENDER.csproj", "{5CD4889C-4FC4-49B5-B218-16990BD6B473}"
EndProject
Global
	GlobalSection(SolutionConfigurationPlatforms) = preSolution
		Debug|Any CPU = Debug|Any CPU
		Release|Any CPU = Release|Any CPU
	EndGlobalSection
	GlobalSection(ProjectConfigurationPlatforms) = postSolution
		{5CD4889C-4FC4-49B5-B218-16990BD6B473}.Debug|Any CPU.ActiveCfg = Debug|Any CPU
		{5CD4889C-4FC4-49B5-B218-16990BD6B473}.Debug|Any CPU.Build.0 = Debug|Any CPU
		{5CD4889C-4FC4-49B5-B218-16990BD6B473}.Release|Any CPU.ActiveCfg = Release|Any CPU
		{5CD4889C-4FC4-49B5-B218-16990BD6B473}.Release|Any CPU.Build.0 = Release|Any CPU
	EndGlobalSection
	GlobalSection(SolutionProperties) = preSolution
		HideSolutionNode = FALSE
	EndGlobalSection
	GlobalSection(ExtensibilityGlobals) = postSolution
		SolutionGuid = {46A202AF-10F0-4A01-9E62-6730A89CCBD2}
	EndGlobalSection
EndGlobal
