
Microsoft Visual Studio Solution File, Format Version 12.00
# Visual Studio Version 17
VisualStudioVersion = 17.7.34024.191
MinimumVisualStudioVersion = 10.0.40219.1
Project("{FAE04EC0-301F-11D3-BF4B-00C04F79EFBC}") = "Integrales", "Integrales\Integrales.csproj", "{811C11BA-D8CE-4CA0-9D72-00170861E97C}"
EndProject
Global
	GlobalSection(SolutionConfigurationPlatforms) = preSolution
		Debug|Any CPU = Debug|Any CPU
		Release|Any CPU = Release|Any CPU
	EndGlobalSection
	GlobalSection(ProjectConfigurationPlatforms) = postSolution
		{811C11BA-D8CE-4CA0-9D72-00170861E97C}.Debug|Any CPU.ActiveCfg = Debug|Any CPU
		{811C11BA-D8CE-4CA0-9D72-00170861E97C}.Debug|Any CPU.Build.0 = Debug|Any CPU
		{811C11BA-D8CE-4CA0-9D72-00170861E97C}.Release|Any CPU.ActiveCfg = Release|Any CPU
		{811C11BA-D8CE-4CA0-9D72-00170861E97C}.Release|Any CPU.Build.0 = Release|Any CPU
	EndGlobalSection
	GlobalSection(SolutionProperties) = preSolution
		HideSolutionNode = FALSE
	EndGlobalSection
	GlobalSection(ExtensibilityGlobals) = postSolution
		SolutionGuid = {B8C8B01A-C8A6-4E1E-A90F-53DAF4C35E91}
	EndGlobalSection
EndGlobal
