
Microsoft Visual Studio Solution File, Format Version 12.00
# Visual Studio Version 17
VisualStudioVersion = 17.8.34330.188
MinimumVisualStudioVersion = 10.0.40219.1
Project("{FAE04EC0-301F-11D3-BF4B-00C04F79EFBC}") = "BasuraTree", "BasuraTree\BasuraTree.csproj", "{C7F1371A-32A6-4576-921E-2386924B5CDF}"
EndProject
Global
	GlobalSection(SolutionConfigurationPlatforms) = preSolution
		Debug|Any CPU = Debug|Any CPU
		Release|Any CPU = Release|Any CPU
	EndGlobalSection
	GlobalSection(ProjectConfigurationPlatforms) = postSolution
		{C7F1371A-32A6-4576-921E-2386924B5CDF}.Debug|Any CPU.ActiveCfg = Debug|Any CPU
		{C7F1371A-32A6-4576-921E-2386924B5CDF}.Debug|Any CPU.Build.0 = Debug|Any CPU
		{C7F1371A-32A6-4576-921E-2386924B5CDF}.Release|Any CPU.ActiveCfg = Release|Any CPU
		{C7F1371A-32A6-4576-921E-2386924B5CDF}.Release|Any CPU.Build.0 = Release|Any CPU
	EndGlobalSection
	GlobalSection(SolutionProperties) = preSolution
		HideSolutionNode = FALSE
	EndGlobalSection
	GlobalSection(ExtensibilityGlobals) = postSolution
		SolutionGuid = {C4D44DDA-DCBA-4AB0-9746-CCA3BF95E929}
	EndGlobalSection
EndGlobal
