
Microsoft Visual Studio Solution File, Format Version 12.00
# Visual Studio Version 17
VisualStudioVersion = 17.8.34330.188
MinimumVisualStudioVersion = 10.0.40219.1
Project("{FAE04EC0-301F-11D3-BF4B-00C04F79EFBC}") = "ExamenLogica", "ExamenLogica\ExamenLogica.csproj", "{20552692-AB5A-44D9-8F8B-5D57543C8A40}"
EndProject
Global
	GlobalSection(SolutionConfigurationPlatforms) = preSolution
		Debug|Any CPU = Debug|Any CPU
		Release|Any CPU = Release|Any CPU
	EndGlobalSection
	GlobalSection(ProjectConfigurationPlatforms) = postSolution
		{20552692-AB5A-44D9-8F8B-5D57543C8A40}.Debug|Any CPU.ActiveCfg = Debug|Any CPU
		{20552692-AB5A-44D9-8F8B-5D57543C8A40}.Debug|Any CPU.Build.0 = Debug|Any CPU
		{20552692-AB5A-44D9-8F8B-5D57543C8A40}.Release|Any CPU.ActiveCfg = Release|Any CPU
		{20552692-AB5A-44D9-8F8B-5D57543C8A40}.Release|Any CPU.Build.0 = Release|Any CPU
	EndGlobalSection
	GlobalSection(SolutionProperties) = preSolution
		HideSolutionNode = FALSE
	EndGlobalSection
	GlobalSection(ExtensibilityGlobals) = postSolution
		SolutionGuid = {48FD1723-6392-41B3-A122-D86B377EB05F}
	EndGlobalSection
EndGlobal
