
Microsoft Visual Studio Solution File, Format Version 12.00
# Visual Studio Version 17
VisualStudioVersion = 17.3.32825.248
MinimumVisualStudioVersion = 10.0.40219.1
Project("{FAE04EC0-301F-11D3-BF4B-00C04F79EFBC}") = "AutosLocos", "AutosLocos\AutosLocos.csproj", "{8B0B0981-8111-4FB9-BBFC-D6843DF3F496}"
EndProject
Global
	GlobalSection(SolutionConfigurationPlatforms) = preSolution
		Debug|Any CPU = Debug|Any CPU
		Release|Any CPU = Release|Any CPU
	EndGlobalSection
	GlobalSection(ProjectConfigurationPlatforms) = postSolution
		{8B0B0981-8111-4FB9-BBFC-D6843DF3F496}.Debug|Any CPU.ActiveCfg = Debug|Any CPU
		{8B0B0981-8111-4FB9-BBFC-D6843DF3F496}.Debug|Any CPU.Build.0 = Debug|Any CPU
		{8B0B0981-8111-4FB9-BBFC-D6843DF3F496}.Release|Any CPU.ActiveCfg = Release|Any CPU
		{8B0B0981-8111-4FB9-BBFC-D6843DF3F496}.Release|Any CPU.Build.0 = Release|Any CPU
	EndGlobalSection
	GlobalSection(SolutionProperties) = preSolution
		HideSolutionNode = FALSE
	EndGlobalSection
	GlobalSection(ExtensibilityGlobals) = postSolution
		SolutionGuid = {A314DDB7-01C2-47FC-A367-D1E7FC29A0B3}
	EndGlobalSection
EndGlobal
