
Microsoft Visual Studio Solution File, Format Version 12.00
# Visual Studio Version 17
VisualStudioVersion = 17.4.33122.133
MinimumVisualStudioVersion = 10.0.40219.1
Project("{FAE04EC0-301F-11D3-BF4B-00C04F79EFBC}") = "Segment2D", "2DSegment\Segment2D.csproj", "{B7089D0B-C80C-49B3-AAC1-7E98A0A6A398}"
EndProject
Global
	GlobalSection(SolutionConfigurationPlatforms) = preSolution
		Debug|Any CPU = Debug|Any CPU
		Release|Any CPU = Release|Any CPU
	EndGlobalSection
	GlobalSection(ProjectConfigurationPlatforms) = postSolution
		{B7089D0B-C80C-49B3-AAC1-7E98A0A6A398}.Debug|Any CPU.ActiveCfg = Debug|Any CPU
		{B7089D0B-C80C-49B3-AAC1-7E98A0A6A398}.Debug|Any CPU.Build.0 = Debug|Any CPU
		{B7089D0B-C80C-49B3-AAC1-7E98A0A6A398}.Release|Any CPU.ActiveCfg = Release|Any CPU
		{B7089D0B-C80C-49B3-AAC1-7E98A0A6A398}.Release|Any CPU.Build.0 = Release|Any CPU
	EndGlobalSection
	GlobalSection(SolutionProperties) = preSolution
		HideSolutionNode = FALSE
	EndGlobalSection
	GlobalSection(ExtensibilityGlobals) = postSolution
		SolutionGuid = {226DB07F-CB01-4E7A-B3C5-64E0716D1E72}
	EndGlobalSection
EndGlobal
